
Microsoft Visual Studio Solution File, Format Version 12.00
# Visual Studio Version 17
VisualStudioVersion = 17.3.32825.248
MinimumVisualStudioVersion = 10.0.40219.1
Project("{8BC9CEB8-8B4A-11D0-8D11-00A0C91BC942}") = "elona_dll", "elona_dll.vcxproj", "{5DA48807-E340-423F-909C-0380537A67C1}"
EndProject
Global
	GlobalSection(SolutionConfigurationPlatforms) = preSolution
		Debug|x64 = Debug|x64
		Debug|x86 = Debug|x86
		Release|x64 = Release|x64
		Release|x86 = Release|x86
	EndGlobalSection
	GlobalSection(ProjectConfigurationPlatforms) = postSolution
		{5DA48807-E340-423F-909C-0380537A67C1}.Debug|x64.ActiveCfg = Debug|x64
		{5DA48807-E340-423F-909C-0380537A67C1}.Debug|x64.Build.0 = Debug|x64
		{5DA48807-E340-423F-909C-0380537A67C1}.Debug|x86.ActiveCfg = Debug|Win32
		{5DA48807-E340-423F-909C-0380537A67C1}.Debug|x86.Build.0 = Debug|Win32
		{5DA48807-E340-423F-909C-0380537A67C1}.Release|x64.ActiveCfg = Release|x64
		{5DA48807-E340-423F-909C-0380537A67C1}.Release|x64.Build.0 = Release|x64
		{5DA48807-E340-423F-909C-0380537A67C1}.Release|x86.ActiveCfg = Release|Win32
		{5DA48807-E340-423F-909C-0380537A67C1}.Release|x86.Build.0 = Release|Win32
	EndGlobalSection
	GlobalSection(SolutionProperties) = preSolution
		HideSolutionNode = FALSE
	EndGlobalSection
	GlobalSection(ExtensibilityGlobals) = postSolution
		SolutionGuid = {6B8E9750-0686-4703-85F6-2496CEDE78A4}
	EndGlobalSection
EndGlobal
